
Microsoft Visual Studio Solution File, Format Version 12.00
# Visual Studio 15
VisualStudioVersion = 15.0.26430.14
MinimumVisualStudioVersion = 10.0.40219.1
Project("{888888A0-9F3D-457C-B088-3A5042F75D52}") = "Copy_files_with_file_paths", "Copy_files_with_file_paths.pyproj", "{320157B4-A3AC-42B1-BCDD-4D0E6E79829D}"
EndProject
Global
	GlobalSection(SolutionConfigurationPlatforms) = preSolution
		Debug|Any CPU = Debug|Any CPU
		Release|Any CPU = Release|Any CPU
	EndGlobalSection
	GlobalSection(ProjectConfigurationPlatforms) = postSolution
		{320157B4-A3AC-42B1-BCDD-4D0E6E79829D}.Debug|Any CPU.ActiveCfg = Debug|Any CPU
		{320157B4-A3AC-42B1-BCDD-4D0E6E79829D}.Release|Any CPU.ActiveCfg = Release|Any CPU
	EndGlobalSection
	GlobalSection(SolutionProperties) = preSolution
		HideSolutionNode = FALSE
	EndGlobalSection
EndGlobal
